
Microsoft Visual Studio Solution File, Format Version 12.00
# Visual Studio Version 17
VisualStudioVersion = 17.8.34408.163
MinimumVisualStudioVersion = 10.0.40219.1
Project("{9A19103F-16F7-4668-BE54-9A1E7A4F7556}") = "Bright_Minecraft_Platform", "Bright_Minecraft_Platform.csproj", "{8E9B5BE1-484D-4281-B8C3-2C4D080748C9}"
EndProject
Project("{9A19103F-16F7-4668-BE54-9A1E7A4F7556}") = "Bright_Minecraft_Platform.Desktop", "..\Bright_Minecraft_Platform.Desktop\Bright_Minecraft_Platform.Desktop.csproj", "{81420B3C-4CF0-4BC8-BDBB-7875F81671BE}"
EndProject
Project("{FAE04EC0-301F-11D3-BF4B-00C04F79EFBC}") = "BrightAPI", "..\BrightAPI\BrightAPI.csproj", "{5312ADF4-985A-40DB-B0C4-710BB3A31939}"
EndProject
Global
	GlobalSection(SolutionConfigurationPlatforms) = preSolution
		Debug|Any CPU = Debug|Any CPU
		Release|Any CPU = Release|Any CPU
	EndGlobalSection
	GlobalSection(ProjectConfigurationPlatforms) = postSolution
		{8E9B5BE1-484D-4281-B8C3-2C4D080748C9}.Debug|Any CPU.ActiveCfg = Debug|Any CPU
		{8E9B5BE1-484D-4281-B8C3-2C4D080748C9}.Debug|Any CPU.Build.0 = Debug|Any CPU
		{8E9B5BE1-484D-4281-B8C3-2C4D080748C9}.Release|Any CPU.ActiveCfg = Release|Any CPU
		{8E9B5BE1-484D-4281-B8C3-2C4D080748C9}.Release|Any CPU.Build.0 = Release|Any CPU
		{81420B3C-4CF0-4BC8-BDBB-7875F81671BE}.Debug|Any CPU.ActiveCfg = Debug|Any CPU
		{81420B3C-4CF0-4BC8-BDBB-7875F81671BE}.Debug|Any CPU.Build.0 = Debug|Any CPU
		{81420B3C-4CF0-4BC8-BDBB-7875F81671BE}.Release|Any CPU.ActiveCfg = Release|Any CPU
		{81420B3C-4CF0-4BC8-BDBB-7875F81671BE}.Release|Any CPU.Build.0 = Release|Any CPU
		{5312ADF4-985A-40DB-B0C4-710BB3A31939}.Debug|Any CPU.ActiveCfg = Debug|Any CPU
		{5312ADF4-985A-40DB-B0C4-710BB3A31939}.Debug|Any CPU.Build.0 = Debug|Any CPU
		{5312ADF4-985A-40DB-B0C4-710BB3A31939}.Release|Any CPU.ActiveCfg = Release|Any CPU
		{5312ADF4-985A-40DB-B0C4-710BB3A31939}.Release|Any CPU.Build.0 = Release|Any CPU
	EndGlobalSection
	GlobalSection(SolutionProperties) = preSolution
		HideSolutionNode = FALSE
	EndGlobalSection
	GlobalSection(ExtensibilityGlobals) = postSolution
		SolutionGuid = {EE4C4316-4F68-495D-B783-04EB3057BC7D}
	EndGlobalSection
EndGlobal
