
Microsoft Visual Studio Solution File, Format Version 12.00
# Visual Studio Version 17
VisualStudioVersion = 17.8.34408.163
MinimumVisualStudioVersion = 10.0.40219.1
Project("{9A19103F-16F7-4668-BE54-9A1E7A4F7556}") = "Bright", "Bright.csproj", "{9AAC8D79-AFF2-484D-92A0-AD5DA552A43C}"
EndProject
Project("{9A19103F-16F7-4668-BE54-9A1E7A4F7556}") = "Bright.Desktop", "..\Bright.Desktop\Bright.Desktop.csproj", "{F8E57FDB-636B-4932-A6C7-FCC2C28BF5CC}"
EndProject
Global
	GlobalSection(SolutionConfigurationPlatforms) = preSolution
		Debug|Any CPU = Debug|Any CPU
		Release|Any CPU = Release|Any CPU
	EndGlobalSection
	GlobalSection(ProjectConfigurationPlatforms) = postSolution
		{9AAC8D79-AFF2-484D-92A0-AD5DA552A43C}.Debug|Any CPU.ActiveCfg = Debug|Any CPU
		{9AAC8D79-AFF2-484D-92A0-AD5DA552A43C}.Debug|Any CPU.Build.0 = Debug|Any CPU
		{9AAC8D79-AFF2-484D-92A0-AD5DA552A43C}.Release|Any CPU.ActiveCfg = Release|Any CPU
		{9AAC8D79-AFF2-484D-92A0-AD5DA552A43C}.Release|Any CPU.Build.0 = Release|Any CPU
		{F8E57FDB-636B-4932-A6C7-FCC2C28BF5CC}.Debug|Any CPU.ActiveCfg = Debug|Any CPU
		{F8E57FDB-636B-4932-A6C7-FCC2C28BF5CC}.Debug|Any CPU.Build.0 = Debug|Any CPU
		{F8E57FDB-636B-4932-A6C7-FCC2C28BF5CC}.Release|Any CPU.ActiveCfg = Release|Any CPU
		{F8E57FDB-636B-4932-A6C7-FCC2C28BF5CC}.Release|Any CPU.Build.0 = Release|Any CPU
	EndGlobalSection
	GlobalSection(SolutionProperties) = preSolution
		HideSolutionNode = FALSE
	EndGlobalSection
	GlobalSection(ExtensibilityGlobals) = postSolution
		SolutionGuid = {21FB11C4-AA10-41D5-8269-ADA8D207E2E5}
	EndGlobalSection
EndGlobal
